
Microsoft Visual Studio Solution File, Format Version 12.00
# Visual Studio 15
VisualStudioVersion = 15.0.27428.2027
MinimumVisualStudioVersion = 10.0.40219.1
Project("{FAE04EC0-301F-11D3-BF4B-00C04F79EFBC}") = "ProyectoVVSS", "ProyectoVVSS\ProyectoVVSS.csproj", "{5D39FEC4-DA61-4140-A9E2-A472CD181CFC}"
EndProject
Global
	GlobalSection(SolutionConfigurationPlatforms) = preSolution
		Debug|Any CPU = Debug|Any CPU
		Release|Any CPU = Release|Any CPU
	EndGlobalSection
	GlobalSection(ProjectConfigurationPlatforms) = postSolution
		{5D39FEC4-DA61-4140-A9E2-A472CD181CFC}.Debug|Any CPU.ActiveCfg = Debug|Any CPU
		{5D39FEC4-DA61-4140-A9E2-A472CD181CFC}.Debug|Any CPU.Build.0 = Debug|Any CPU
		{5D39FEC4-DA61-4140-A9E2-A472CD181CFC}.Release|Any CPU.ActiveCfg = Release|Any CPU
		{5D39FEC4-DA61-4140-A9E2-A472CD181CFC}.Release|Any CPU.Build.0 = Release|Any CPU
	EndGlobalSection
	GlobalSection(SolutionProperties) = preSolution
		HideSolutionNode = FALSE
	EndGlobalSection
	GlobalSection(ExtensibilityGlobals) = postSolution
		SolutionGuid = {D57F79C7-85D4-4448-A6D9-B05E8BA8A745}
	EndGlobalSection
EndGlobal
